
Microsoft Visual Studio Solution File, Format Version 12.00
# Visual Studio 2013
VisualStudioVersion = 12.0.30110.0
MinimumVisualStudioVersion = 10.0.40219.1
Project("{FAE04EC0-301F-11D3-BF4B-00C04F79EFBC}") = "PingTool", "PingTool\PingTool.csproj", "{4C6354AB-A487-460F-9881-CC7B0CD638DB}"
EndProject
Global
	GlobalSection(TeamFoundationVersionControl) = preSolution
		SccNumberOfProjects = 2
		SccEnterpriseProvider = {4CA58AB2-18FA-4F8D-95D4-32DDF27D184C}
		SccTeamFoundationServer = https://kfstorm.visualstudio.com/defaultcollection
		SccLocalPath0 = .
		SccProjectUniqueName1 = PingTool\\PingTool.csproj
		SccProjectName1 = PingTool
		SccLocalPath1 = PingTool
	EndGlobalSection
	GlobalSection(SolutionConfigurationPlatforms) = preSolution
		Debug|Any CPU = Debug|Any CPU
		Release|Any CPU = Release|Any CPU
	EndGlobalSection
	GlobalSection(ProjectConfigurationPlatforms) = postSolution
		{4C6354AB-A487-460F-9881-CC7B0CD638DB}.Debug|Any CPU.ActiveCfg = Debug|Any CPU
		{4C6354AB-A487-460F-9881-CC7B0CD638DB}.Debug|Any CPU.Build.0 = Debug|Any CPU
		{4C6354AB-A487-460F-9881-CC7B0CD638DB}.Release|Any CPU.ActiveCfg = Release|Any CPU
		{4C6354AB-A487-460F-9881-CC7B0CD638DB}.Release|Any CPU.Build.0 = Release|Any CPU
	EndGlobalSection
	GlobalSection(SolutionProperties) = preSolution
		HideSolutionNode = FALSE
	EndGlobalSection
EndGlobal
